
Microsoft Visual Studio Solution File, Format Version 12.00
# Visual Studio Version 17
VisualStudioVersion = 17.3.32819.101
MinimumVisualStudioVersion = 10.0.40219.1
Project("{FAE04EC0-301F-11D3-BF4B-00C04F79EFBC}") = "MultiThread", "MultiThread\MultiThread.csproj", "{C2D63847-7C33-418C-8D5A-714F92F05AC4}"
EndProject
Global
	GlobalSection(SolutionConfigurationPlatforms) = preSolution
		Debug|Any CPU = Debug|Any CPU
		Release|Any CPU = Release|Any CPU
	EndGlobalSection
	GlobalSection(ProjectConfigurationPlatforms) = postSolution
		{C2D63847-7C33-418C-8D5A-714F92F05AC4}.Debug|Any CPU.ActiveCfg = Debug|Any CPU
		{C2D63847-7C33-418C-8D5A-714F92F05AC4}.Debug|Any CPU.Build.0 = Debug|Any CPU
		{C2D63847-7C33-418C-8D5A-714F92F05AC4}.Release|Any CPU.ActiveCfg = Release|Any CPU
		{C2D63847-7C33-418C-8D5A-714F92F05AC4}.Release|Any CPU.Build.0 = Release|Any CPU
	EndGlobalSection
	GlobalSection(SolutionProperties) = preSolution
		HideSolutionNode = FALSE
	EndGlobalSection
	GlobalSection(ExtensibilityGlobals) = postSolution
		SolutionGuid = {FC66074E-8465-4094-8955-94671D436A1E}
	EndGlobalSection
EndGlobal
